
Microsoft Visual Studio Solution File, Format Version 12.00
# Visual Studio Version 17
VisualStudioVersion = 17.2.32519.379
MinimumVisualStudioVersion = 10.0.40219.1
Project("{9A19103F-16F7-4668-BE54-9A1E7A4F7556}") = "Modul01_HalloWPF", "HalloWPF\Modul01_HalloWPF.csproj", "{CF1DE419-4B35-4619-A540-86F09995726C}"
EndProject
Project("{9A19103F-16F7-4668-BE54-9A1E7A4F7556}") = "Modul02_Controls", "Controls\Modul02_Controls.csproj", "{8DB630C5-2285-479C-8FB5-985DB1757286}"
EndProject
Project("{9A19103F-16F7-4668-BE54-9A1E7A4F7556}") = "Personendatenbank", "Personendatenbank\Personendatenbank.csproj", "{A82E5091-61CE-4E19-BEA1-3F9E4B813E8C}"
EndProject
Project("{9A19103F-16F7-4668-BE54-9A1E7A4F7556}") = "Modul03_Container", "Container\Modul03_Container.csproj", "{811639AF-777B-4526-93C9-A39424C6F0EF}"
EndProject
Project("{9A19103F-16F7-4668-BE54-9A1E7A4F7556}") = "Modul04_EventRouting", "EventRouting\Modul04_EventRouting.csproj", "{32294287-C0D9-4091-BBC9-8839BEC185B6}"
EndProject
Project("{9A19103F-16F7-4668-BE54-9A1E7A4F7556}") = "Modul05_PropertyBinding", "PropertyBinding\Modul05_PropertyBinding.csproj", "{F0D573E3-C9F2-4831-A20E-1C2B05672721}"
EndProject
Project("{9A19103F-16F7-4668-BE54-9A1E7A4F7556}") = "ColorPicker", "ColorPicker\ColorPicker.csproj", "{5D346B08-3DC8-41C3-97D8-7022131CAAAD}"
EndProject
Project("{9A19103F-16F7-4668-BE54-9A1E7A4F7556}") = "Modul06_DataBinding", "DataBinding\Modul06_DataBinding.csproj", "{60C995A2-5C0E-40F8-A1AA-A9F9F7C607C8}"
EndProject
Project("{9A19103F-16F7-4668-BE54-9A1E7A4F7556}") = "Modul07_Ressourcen_Styles", "Ressourcen_Styles\Modul07_Ressourcen_Styles.csproj", "{0877FB86-F825-4292-9857-BD32066809F5}"
EndProject
Project("{9A19103F-16F7-4668-BE54-9A1E7A4F7556}") = "Modul08_Templates", "Templates\Modul08_Templates.csproj", "{601D9087-4100-4375-B70A-33C48E850D83}"
EndProject
Project("{9A19103F-16F7-4668-BE54-9A1E7A4F7556}") = "Modul09_Validation", "Validation\Modul09_Validation.csproj", "{233D7484-174F-480D-A5D0-4474DFAD2071}"
EndProject
Project("{9A19103F-16F7-4668-BE54-9A1E7A4F7556}") = "Modul10_Trigger", "Trigger\Modul10_Trigger.csproj", "{81622A52-93C5-4C0F-9A47-E5E26572C03A}"
EndProject
Project("{9A19103F-16F7-4668-BE54-9A1E7A4F7556}") = "Modul11_UserControls", "UserControls\Modul11_UserControls.csproj", "{161D6204-58FD-486D-913F-8BBE1A64794B}"
EndProject
Project("{9A19103F-16F7-4668-BE54-9A1E7A4F7556}") = "Modul13_Commands", "Commands\Modul13_Commands.csproj", "{93912ACC-9FFA-41E5-93F2-ADD06D08BF6B}"
EndProject
Project("{9A19103F-16F7-4668-BE54-9A1E7A4F7556}") = "Modul14_MVVM", "MVVM\Modul14_MVVM.csproj", "{A71D9AD6-718E-432A-9011-BBD373274F1B}"
EndProject
Project("{FAE04EC0-301F-11D3-BF4B-00C04F79EFBC}") = "RelativeSources", "RelativeSources\RelativeSources.csproj", "{23CBC394-8340-4EA9-BC4E-EB47701E7EA4}"
EndProject
Project("{FAE04EC0-301F-11D3-BF4B-00C04F79EFBC}") = "Localisation", "Localisation\Localisation.csproj", "{E97E6546-F636-4589-9690-EAB34B1C8EEA}"
EndProject
Global
	GlobalSection(SolutionConfigurationPlatforms) = preSolution
		Debug|Any CPU = Debug|Any CPU
		Release|Any CPU = Release|Any CPU
	EndGlobalSection
	GlobalSection(ProjectConfigurationPlatforms) = postSolution
		{CF1DE419-4B35-4619-A540-86F09995726C}.Debug|Any CPU.ActiveCfg = Debug|Any CPU
		{CF1DE419-4B35-4619-A540-86F09995726C}.Debug|Any CPU.Build.0 = Debug|Any CPU
		{CF1DE419-4B35-4619-A540-86F09995726C}.Release|Any CPU.ActiveCfg = Release|Any CPU
		{CF1DE419-4B35-4619-A540-86F09995726C}.Release|Any CPU.Build.0 = Release|Any CPU
		{8DB630C5-2285-479C-8FB5-985DB1757286}.Debug|Any CPU.ActiveCfg = Debug|Any CPU
		{8DB630C5-2285-479C-8FB5-985DB1757286}.Debug|Any CPU.Build.0 = Debug|Any CPU
		{8DB630C5-2285-479C-8FB5-985DB1757286}.Release|Any CPU.ActiveCfg = Release|Any CPU
		{8DB630C5-2285-479C-8FB5-985DB1757286}.Release|Any CPU.Build.0 = Release|Any CPU
		{A82E5091-61CE-4E19-BEA1-3F9E4B813E8C}.Debug|Any CPU.ActiveCfg = Debug|Any CPU
		{A82E5091-61CE-4E19-BEA1-3F9E4B813E8C}.Debug|Any CPU.Build.0 = Debug|Any CPU
		{A82E5091-61CE-4E19-BEA1-3F9E4B813E8C}.Release|Any CPU.ActiveCfg = Release|Any CPU
		{A82E5091-61CE-4E19-BEA1-3F9E4B813E8C}.Release|Any CPU.Build.0 = Release|Any CPU
		{811639AF-777B-4526-93C9-A39424C6F0EF}.Debug|Any CPU.ActiveCfg = Debug|Any CPU
		{811639AF-777B-4526-93C9-A39424C6F0EF}.Debug|Any CPU.Build.0 = Debug|Any CPU
		{811639AF-777B-4526-93C9-A39424C6F0EF}.Release|Any CPU.ActiveCfg = Release|Any CPU
		{811639AF-777B-4526-93C9-A39424C6F0EF}.Release|Any CPU.Build.0 = Release|Any CPU
		{32294287-C0D9-4091-BBC9-8839BEC185B6}.Debug|Any CPU.ActiveCfg = Debug|Any CPU
		{32294287-C0D9-4091-BBC9-8839BEC185B6}.Debug|Any CPU.Build.0 = Debug|Any CPU
		{32294287-C0D9-4091-BBC9-8839BEC185B6}.Release|Any CPU.ActiveCfg = Release|Any CPU
		{32294287-C0D9-4091-BBC9-8839BEC185B6}.Release|Any CPU.Build.0 = Release|Any CPU
		{F0D573E3-C9F2-4831-A20E-1C2B05672721}.Debug|Any CPU.ActiveCfg = Debug|Any CPU
		{F0D573E3-C9F2-4831-A20E-1C2B05672721}.Debug|Any CPU.Build.0 = Debug|Any CPU
		{F0D573E3-C9F2-4831-A20E-1C2B05672721}.Release|Any CPU.ActiveCfg = Release|Any CPU
		{F0D573E3-C9F2-4831-A20E-1C2B05672721}.Release|Any CPU.Build.0 = Release|Any CPU
		{5D346B08-3DC8-41C3-97D8-7022131CAAAD}.Debug|Any CPU.ActiveCfg = Debug|Any CPU
		{5D346B08-3DC8-41C3-97D8-7022131CAAAD}.Debug|Any CPU.Build.0 = Debug|Any CPU
		{5D346B08-3DC8-41C3-97D8-7022131CAAAD}.Release|Any CPU.ActiveCfg = Release|Any CPU
		{5D346B08-3DC8-41C3-97D8-7022131CAAAD}.Release|Any CPU.Build.0 = Release|Any CPU
		{60C995A2-5C0E-40F8-A1AA-A9F9F7C607C8}.Debug|Any CPU.ActiveCfg = Debug|Any CPU
		{60C995A2-5C0E-40F8-A1AA-A9F9F7C607C8}.Debug|Any CPU.Build.0 = Debug|Any CPU
		{60C995A2-5C0E-40F8-A1AA-A9F9F7C607C8}.Release|Any CPU.ActiveCfg = Release|Any CPU
		{60C995A2-5C0E-40F8-A1AA-A9F9F7C607C8}.Release|Any CPU.Build.0 = Release|Any CPU
		{0877FB86-F825-4292-9857-BD32066809F5}.Debug|Any CPU.ActiveCfg = Debug|Any CPU
		{0877FB86-F825-4292-9857-BD32066809F5}.Debug|Any CPU.Build.0 = Debug|Any CPU
		{0877FB86-F825-4292-9857-BD32066809F5}.Release|Any CPU.ActiveCfg = Release|Any CPU
		{0877FB86-F825-4292-9857-BD32066809F5}.Release|Any CPU.Build.0 = Release|Any CPU
		{601D9087-4100-4375-B70A-33C48E850D83}.Debug|Any CPU.ActiveCfg = Debug|Any CPU
		{601D9087-4100-4375-B70A-33C48E850D83}.Debug|Any CPU.Build.0 = Debug|Any CPU
		{601D9087-4100-4375-B70A-33C48E850D83}.Release|Any CPU.ActiveCfg = Release|Any CPU
		{601D9087-4100-4375-B70A-33C48E850D83}.Release|Any CPU.Build.0 = Release|Any CPU
		{233D7484-174F-480D-A5D0-4474DFAD2071}.Debug|Any CPU.ActiveCfg = Debug|Any CPU
		{233D7484-174F-480D-A5D0-4474DFAD2071}.Debug|Any CPU.Build.0 = Debug|Any CPU
		{233D7484-174F-480D-A5D0-4474DFAD2071}.Release|Any CPU.ActiveCfg = Release|Any CPU
		{233D7484-174F-480D-A5D0-4474DFAD2071}.Release|Any CPU.Build.0 = Release|Any CPU
		{81622A52-93C5-4C0F-9A47-E5E26572C03A}.Debug|Any CPU.ActiveCfg = Debug|Any CPU
		{81622A52-93C5-4C0F-9A47-E5E26572C03A}.Debug|Any CPU.Build.0 = Debug|Any CPU
		{81622A52-93C5-4C0F-9A47-E5E26572C03A}.Release|Any CPU.ActiveCfg = Release|Any CPU
		{81622A52-93C5-4C0F-9A47-E5E26572C03A}.Release|Any CPU.Build.0 = Release|Any CPU
		{161D6204-58FD-486D-913F-8BBE1A64794B}.Debug|Any CPU.ActiveCfg = Debug|Any CPU
		{161D6204-58FD-486D-913F-8BBE1A64794B}.Debug|Any CPU.Build.0 = Debug|Any CPU
		{161D6204-58FD-486D-913F-8BBE1A64794B}.Release|Any CPU.ActiveCfg = Release|Any CPU
		{161D6204-58FD-486D-913F-8BBE1A64794B}.Release|Any CPU.Build.0 = Release|Any CPU
		{93912ACC-9FFA-41E5-93F2-ADD06D08BF6B}.Debug|Any CPU.ActiveCfg = Debug|Any CPU
		{93912ACC-9FFA-41E5-93F2-ADD06D08BF6B}.Debug|Any CPU.Build.0 = Debug|Any CPU
		{93912ACC-9FFA-41E5-93F2-ADD06D08BF6B}.Release|Any CPU.ActiveCfg = Release|Any CPU
		{93912ACC-9FFA-41E5-93F2-ADD06D08BF6B}.Release|Any CPU.Build.0 = Release|Any CPU
		{A71D9AD6-718E-432A-9011-BBD373274F1B}.Debug|Any CPU.ActiveCfg = Debug|Any CPU
		{A71D9AD6-718E-432A-9011-BBD373274F1B}.Debug|Any CPU.Build.0 = Debug|Any CPU
		{A71D9AD6-718E-432A-9011-BBD373274F1B}.Release|Any CPU.ActiveCfg = Release|Any CPU
		{A71D9AD6-718E-432A-9011-BBD373274F1B}.Release|Any CPU.Build.0 = Release|Any CPU
		{23CBC394-8340-4EA9-BC4E-EB47701E7EA4}.Debug|Any CPU.ActiveCfg = Debug|Any CPU
		{23CBC394-8340-4EA9-BC4E-EB47701E7EA4}.Debug|Any CPU.Build.0 = Debug|Any CPU
		{23CBC394-8340-4EA9-BC4E-EB47701E7EA4}.Release|Any CPU.ActiveCfg = Release|Any CPU
		{23CBC394-8340-4EA9-BC4E-EB47701E7EA4}.Release|Any CPU.Build.0 = Release|Any CPU
		{E97E6546-F636-4589-9690-EAB34B1C8EEA}.Debug|Any CPU.ActiveCfg = Debug|Any CPU
		{E97E6546-F636-4589-9690-EAB34B1C8EEA}.Debug|Any CPU.Build.0 = Debug|Any CPU
		{E97E6546-F636-4589-9690-EAB34B1C8EEA}.Release|Any CPU.ActiveCfg = Release|Any CPU
		{E97E6546-F636-4589-9690-EAB34B1C8EEA}.Release|Any CPU.Build.0 = Release|Any CPU
	EndGlobalSection
	GlobalSection(SolutionProperties) = preSolution
		HideSolutionNode = FALSE
	EndGlobalSection
	GlobalSection(ExtensibilityGlobals) = postSolution
		SolutionGuid = {1BF4151A-9401-407D-BB45-E10C8F5FD835}
	EndGlobalSection
EndGlobal
