
Microsoft Visual Studio Solution File, Format Version 12.00
# Visual Studio Version 17
VisualStudioVersion = 17.2.32519.379
MinimumVisualStudioVersion = 10.0.40219.1
Project("{9A19103F-16F7-4668-BE54-9A1E7A4F7556}") = "Modul01_HalloWPF", "HalloWPF\Modul01_HalloWPF.csproj", "{CF1DE419-4B35-4619-A540-86F09995726C}"
EndProject
Project("{9A19103F-16F7-4668-BE54-9A1E7A4F7556}") = "Modul02_Controls", "Controls\Modul02_Controls.csproj", "{8DB630C5-2285-479C-8FB5-985DB1757286}"
EndProject
Project("{9A19103F-16F7-4668-BE54-9A1E7A4F7556}") = "Personendatenbank", "Personendatenbank\Personendatenbank.csproj", "{A82E5091-61CE-4E19-BEA1-3F9E4B813E8C}"
EndProject
Project("{9A19103F-16F7-4668-BE54-9A1E7A4F7556}") = "Modul03_Container", "Container\Modul03_Container.csproj", "{811639AF-777B-4526-93C9-A39424C6F0EF}"
EndProject
Project("{9A19103F-16F7-4668-BE54-9A1E7A4F7556}") = "Modul04_EventRouting", "EventRouting\Modul04_EventRouting.csproj", "{32294287-C0D9-4091-BBC9-8839BEC185B6}"
EndProject
Project("{9A19103F-16F7-4668-BE54-9A1E7A4F7556}") = "Modul05_PropertyBinding", "PropertyBinding\Modul05_PropertyBinding.csproj", "{F0D573E3-C9F2-4831-A20E-1C2B05672721}"
EndProject
Project("{9A19103F-16F7-4668-BE54-9A1E7A4F7556}") = "ColorPicker", "ColorPicker\ColorPicker.csproj", "{5D346B08-3DC8-41C3-97D8-7022131CAAAD}"
EndProject
Project("{9A19103F-16F7-4668-BE54-9A1E7A4F7556}") = "Modul06_DataBinding", "DataBinding\Modul06_DataBinding.csproj", "{60C995A2-5C0E-40F8-A1AA-A9F9F7C607C8}"
EndProject
Project("{9A19103F-16F7-4668-BE54-9A1E7A4F7556}") = "Modul07_Ressourcen_Styles", "Ressourcen_Styles\Modul07_Ressourcen_Styles.csproj", "{0877FB86-F825-4292-9857-BD32066809F5}"
EndProject
Global
	GlobalSection(SolutionConfigurationPlatforms) = preSolution
		Debug|Any CPU = Debug|Any CPU
		Release|Any CPU = Release|Any CPU
	EndGlobalSection
	GlobalSection(ProjectConfigurationPlatforms) = postSolution
		{CF1DE419-4B35-4619-A540-86F09995726C}.Debug|Any CPU.ActiveCfg = Debug|Any CPU
		{CF1DE419-4B35-4619-A540-86F09995726C}.Debug|Any CPU.Build.0 = Debug|Any CPU
		{CF1DE419-4B35-4619-A540-86F09995726C}.Release|Any CPU.ActiveCfg = Release|Any CPU
		{CF1DE419-4B35-4619-A540-86F09995726C}.Release|Any CPU.Build.0 = Release|Any CPU
		{8DB630C5-2285-479C-8FB5-985DB1757286}.Debug|Any CPU.ActiveCfg = Debug|Any CPU
		{8DB630C5-2285-479C-8FB5-985DB1757286}.Debug|Any CPU.Build.0 = Debug|Any CPU
		{8DB630C5-2285-479C-8FB5-985DB1757286}.Release|Any CPU.ActiveCfg = Release|Any CPU
		{8DB630C5-2285-479C-8FB5-985DB1757286}.Release|Any CPU.Build.0 = Release|Any CPU
		{A82E5091-61CE-4E19-BEA1-3F9E4B813E8C}.Debug|Any CPU.ActiveCfg = Debug|Any CPU
		{A82E5091-61CE-4E19-BEA1-3F9E4B813E8C}.Debug|Any CPU.Build.0 = Debug|Any CPU
		{A82E5091-61CE-4E19-BEA1-3F9E4B813E8C}.Release|Any CPU.ActiveCfg = Release|Any CPU
		{A82E5091-61CE-4E19-BEA1-3F9E4B813E8C}.Release|Any CPU.Build.0 = Release|Any CPU
		{811639AF-777B-4526-93C9-A39424C6F0EF}.Debug|Any CPU.ActiveCfg = Debug|Any CPU
		{811639AF-777B-4526-93C9-A39424C6F0EF}.Debug|Any CPU.Build.0 = Debug|Any CPU
		{811639AF-777B-4526-93C9-A39424C6F0EF}.Release|Any CPU.ActiveCfg = Release|Any CPU
		{811639AF-777B-4526-93C9-A39424C6F0EF}.Release|Any CPU.Build.0 = Release|Any CPU
		{32294287-C0D9-4091-BBC9-8839BEC185B6}.Debug|Any CPU.ActiveCfg = Debug|Any CPU
		{32294287-C0D9-4091-BBC9-8839BEC185B6}.Debug|Any CPU.Build.0 = Debug|Any CPU
		{32294287-C0D9-4091-BBC9-8839BEC185B6}.Release|Any CPU.ActiveCfg = Release|Any CPU
		{32294287-C0D9-4091-BBC9-8839BEC185B6}.Release|Any CPU.Build.0 = Release|Any CPU
		{F0D573E3-C9F2-4831-A20E-1C2B05672721}.Debug|Any CPU.ActiveCfg = Debug|Any CPU
		{F0D573E3-C9F2-4831-A20E-1C2B05672721}.Debug|Any CPU.Build.0 = Debug|Any CPU
		{F0D573E3-C9F2-4831-A20E-1C2B05672721}.Release|Any CPU.ActiveCfg = Release|Any CPU
		{F0D573E3-C9F2-4831-A20E-1C2B05672721}.Release|Any CPU.Build.0 = Release|Any CPU
		{5D346B08-3DC8-41C3-97D8-7022131CAAAD}.Debug|Any CPU.ActiveCfg = Debug|Any CPU
		{5D346B08-3DC8-41C3-97D8-7022131CAAAD}.Debug|Any CPU.Build.0 = Debug|Any CPU
		{5D346B08-3DC8-41C3-97D8-7022131CAAAD}.Release|Any CPU.ActiveCfg = Release|Any CPU
		{5D346B08-3DC8-41C3-97D8-7022131CAAAD}.Release|Any CPU.Build.0 = Release|Any CPU
		{60C995A2-5C0E-40F8-A1AA-A9F9F7C607C8}.Debug|Any CPU.ActiveCfg = Debug|Any CPU
		{60C995A2-5C0E-40F8-A1AA-A9F9F7C607C8}.Debug|Any CPU.Build.0 = Debug|Any CPU
		{60C995A2-5C0E-40F8-A1AA-A9F9F7C607C8}.Release|Any CPU.ActiveCfg = Release|Any CPU
		{60C995A2-5C0E-40F8-A1AA-A9F9F7C607C8}.Release|Any CPU.Build.0 = Release|Any CPU
		{0877FB86-F825-4292-9857-BD32066809F5}.Debug|Any CPU.ActiveCfg = Debug|Any CPU
		{0877FB86-F825-4292-9857-BD32066809F5}.Debug|Any CPU.Build.0 = Debug|Any CPU
		{0877FB86-F825-4292-9857-BD32066809F5}.Release|Any CPU.ActiveCfg = Release|Any CPU
		{0877FB86-F825-4292-9857-BD32066809F5}.Release|Any CPU.Build.0 = Release|Any CPU
	EndGlobalSection
	GlobalSection(SolutionProperties) = preSolution
		HideSolutionNode = FALSE
	EndGlobalSection
	GlobalSection(ExtensibilityGlobals) = postSolution
		SolutionGuid = {1BF4151A-9401-407D-BB45-E10C8F5FD835}
	EndGlobalSection
EndGlobal
